
Microsoft Visual Studio Solution File, Format Version 12.00
# Visual Studio Version 17
VisualStudioVersion = 17.0.31912.275
MinimumVisualStudioVersion = 10.0.40219.1
Project("{FAE04EC0-301F-11D3-BF4B-00C04F79EFBC}") = "College_Management_Services", "College_Management_Services\College_Management_Services.csproj", "{236810CE-5802-405B-8D2A-DF93BE449CE2}"
EndProject
Global
	GlobalSection(SolutionConfigurationPlatforms) = preSolution
		Debug|Any CPU = Debug|Any CPU
		Release|Any CPU = Release|Any CPU
	EndGlobalSection
	GlobalSection(ProjectConfigurationPlatforms) = postSolution
		{236810CE-5802-405B-8D2A-DF93BE449CE2}.Debug|Any CPU.ActiveCfg = Debug|Any CPU
		{236810CE-5802-405B-8D2A-DF93BE449CE2}.Debug|Any CPU.Build.0 = Debug|Any CPU
		{236810CE-5802-405B-8D2A-DF93BE449CE2}.Release|Any CPU.ActiveCfg = Release|Any CPU
		{236810CE-5802-405B-8D2A-DF93BE449CE2}.Release|Any CPU.Build.0 = Release|Any CPU
	EndGlobalSection
	GlobalSection(SolutionProperties) = preSolution
		HideSolutionNode = FALSE
	EndGlobalSection
	GlobalSection(ExtensibilityGlobals) = postSolution
		SolutionGuid = {56E1141B-C271-4A20-BBCA-FBAA402DE0A0}
	EndGlobalSection
EndGlobal
